
Microsoft Visual Studio Solution File, Format Version 12.00
# Visual Studio 14
VisualStudioVersion = 14.0.25420.1
MinimumVisualStudioVersion = 10.0.40219.1
Project("{F2A71F9B-5D33-465A-A702-920D77279786}") = "AsteriskFS", "AsteriskFS\AsteriskFS.fsproj", "{E885C74C-392B-42A1-B86B-62A5EA7553E0}"
EndProject
Project("{2150E333-8FDC-42A3-9474-1A3956D46DE8}") = "Solution Items", "Solution Items", "{12FC1EF6-C873-4B6F-AA2A-607C7C8CE554}"
	ProjectSection(SolutionItems) = preProject
		README.md = README.md
	EndProjectSection
EndProject
Global
	GlobalSection(SolutionConfigurationPlatforms) = preSolution
		Debug|Any CPU = Debug|Any CPU
		Release|Any CPU = Release|Any CPU
	EndGlobalSection
	GlobalSection(ProjectConfigurationPlatforms) = postSolution
		{E885C74C-392B-42A1-B86B-62A5EA7553E0}.Debug|Any CPU.ActiveCfg = Debug|Any CPU
		{E885C74C-392B-42A1-B86B-62A5EA7553E0}.Debug|Any CPU.Build.0 = Debug|Any CPU
		{E885C74C-392B-42A1-B86B-62A5EA7553E0}.Debug|Any CPU.Deploy.0 = Debug|Any CPU
		{E885C74C-392B-42A1-B86B-62A5EA7553E0}.Release|Any CPU.ActiveCfg = Release|Any CPU
		{E885C74C-392B-42A1-B86B-62A5EA7553E0}.Release|Any CPU.Build.0 = Release|Any CPU
	EndGlobalSection
	GlobalSection(SolutionProperties) = preSolution
		HideSolutionNode = FALSE
	EndGlobalSection
EndGlobal
